
Microsoft Visual Studio Solution File, Format Version 12.00
# Visual Studio Version 16
VisualStudioVersion = 16.0.31424.327
MinimumVisualStudioVersion = 10.0.40219.1
Project("{9A19103F-16F7-4668-BE54-9A1E7A4F7556}") = "NetInterop.Tests", "NetInterop.Tests\NetInterop.Tests.csproj", "{2713BFA3-F1FE-4A32-BF9E-55A5FD3559E7}"
EndProject
Project("{9A19103F-16F7-4668-BE54-9A1E7A4F7556}") = "NetInterop.Console", "NetInterop.Console\NetInterop.Console.csproj", "{8C490C9E-767B-4086-883E-063010614BB6}"
EndProject
Project("{9A19103F-16F7-4668-BE54-9A1E7A4F7556}") = "NetInterop.Transport.Core", "NetInterop.Transport\NetInterop.Transport.Core.csproj", "{9453E14A-F1A4-4ACC-AE8D-3ACAA3913748}"
EndProject
Project("{9A19103F-16F7-4668-BE54-9A1E7A4F7556}") = "NetInterop.Transport.Sockets", "NetInterop.Transport.Sockets\NetInterop.Transport.Sockets.csproj", "{8FECD81C-1AF9-46FA-B50E-6258786D487C}"
EndProject
Project("{9A19103F-16F7-4668-BE54-9A1E7A4F7556}") = "NetInterop", "NetInterop\NetInterop.csproj", "{10A07C12-BBDD-4DF6-A912-F9EF9EF065E1}"
EndProject
Global
	GlobalSection(SolutionConfigurationPlatforms) = preSolution
		Debug|Any CPU = Debug|Any CPU
		Release|Any CPU = Release|Any CPU
	EndGlobalSection
	GlobalSection(ProjectConfigurationPlatforms) = postSolution
		{2713BFA3-F1FE-4A32-BF9E-55A5FD3559E7}.Debug|Any CPU.ActiveCfg = Debug|Any CPU
		{2713BFA3-F1FE-4A32-BF9E-55A5FD3559E7}.Debug|Any CPU.Build.0 = Debug|Any CPU
		{2713BFA3-F1FE-4A32-BF9E-55A5FD3559E7}.Release|Any CPU.ActiveCfg = Release|Any CPU
		{2713BFA3-F1FE-4A32-BF9E-55A5FD3559E7}.Release|Any CPU.Build.0 = Release|Any CPU
		{8C490C9E-767B-4086-883E-063010614BB6}.Debug|Any CPU.ActiveCfg = Debug|Any CPU
		{8C490C9E-767B-4086-883E-063010614BB6}.Debug|Any CPU.Build.0 = Debug|Any CPU
		{8C490C9E-767B-4086-883E-063010614BB6}.Release|Any CPU.ActiveCfg = Release|Any CPU
		{8C490C9E-767B-4086-883E-063010614BB6}.Release|Any CPU.Build.0 = Release|Any CPU
		{9453E14A-F1A4-4ACC-AE8D-3ACAA3913748}.Debug|Any CPU.ActiveCfg = Debug|Any CPU
		{9453E14A-F1A4-4ACC-AE8D-3ACAA3913748}.Debug|Any CPU.Build.0 = Debug|Any CPU
		{9453E14A-F1A4-4ACC-AE8D-3ACAA3913748}.Release|Any CPU.ActiveCfg = Release|Any CPU
		{9453E14A-F1A4-4ACC-AE8D-3ACAA3913748}.Release|Any CPU.Build.0 = Release|Any CPU
		{8FECD81C-1AF9-46FA-B50E-6258786D487C}.Debug|Any CPU.ActiveCfg = Debug|Any CPU
		{8FECD81C-1AF9-46FA-B50E-6258786D487C}.Debug|Any CPU.Build.0 = Debug|Any CPU
		{8FECD81C-1AF9-46FA-B50E-6258786D487C}.Release|Any CPU.ActiveCfg = Release|Any CPU
		{8FECD81C-1AF9-46FA-B50E-6258786D487C}.Release|Any CPU.Build.0 = Release|Any CPU
		{10A07C12-BBDD-4DF6-A912-F9EF9EF065E1}.Debug|Any CPU.ActiveCfg = Debug|Any CPU
		{10A07C12-BBDD-4DF6-A912-F9EF9EF065E1}.Debug|Any CPU.Build.0 = Debug|Any CPU
		{10A07C12-BBDD-4DF6-A912-F9EF9EF065E1}.Release|Any CPU.ActiveCfg = Release|Any CPU
		{10A07C12-BBDD-4DF6-A912-F9EF9EF065E1}.Release|Any CPU.Build.0 = Release|Any CPU
	EndGlobalSection
	GlobalSection(SolutionProperties) = preSolution
		HideSolutionNode = FALSE
	EndGlobalSection
	GlobalSection(ExtensibilityGlobals) = postSolution
		SolutionGuid = {6A4DD1B4-7D1E-455A-91FD-3C727B21F0ED}
	EndGlobalSection
EndGlobal
